
Microsoft Visual Studio Solution File, Format Version 12.00
# Visual Studio Version 17
VisualStudioVersion = 17.1.32328.378
MinimumVisualStudioVersion = 10.0.40219.1
Project("{FAE04EC0-301F-11D3-BF4B-00C04F79EFBC}") = "Level32TimeInCavern", "Level32TimeInCavern\Level32TimeInCavern.csproj", "{D0D1B107-F542-404B-A68C-C06667D35E8F}"
EndProject
Global
	GlobalSection(SolutionConfigurationPlatforms) = preSolution
		Debug|Any CPU = Debug|Any CPU
		Release|Any CPU = Release|Any CPU
	EndGlobalSection
	GlobalSection(ProjectConfigurationPlatforms) = postSolution
		{D0D1B107-F542-404B-A68C-C06667D35E8F}.Debug|Any CPU.ActiveCfg = Debug|Any CPU
		{D0D1B107-F542-404B-A68C-C06667D35E8F}.Debug|Any CPU.Build.0 = Debug|Any CPU
		{D0D1B107-F542-404B-A68C-C06667D35E8F}.Release|Any CPU.ActiveCfg = Release|Any CPU
		{D0D1B107-F542-404B-A68C-C06667D35E8F}.Release|Any CPU.Build.0 = Release|Any CPU
	EndGlobalSection
	GlobalSection(SolutionProperties) = preSolution
		HideSolutionNode = FALSE
	EndGlobalSection
	GlobalSection(ExtensibilityGlobals) = postSolution
		SolutionGuid = {EFDBAAD0-F548-4345-8EFD-1A42649409E6}
	EndGlobalSection
EndGlobal
