
Microsoft Visual Studio Solution File, Format Version 12.00
# Visual Studio Version 17
VisualStudioVersion = 17.1.32328.378
MinimumVisualStudioVersion = 10.0.40219.1
Project("{FAE04EC0-301F-11D3-BF4B-00C04F79EFBC}") = "Level24TheCard", "Level24TheCard\Level24TheCard.csproj", "{EE4D13A3-F919-48F8-879B-DCCED2A0F484}"
EndProject
Global
	GlobalSection(SolutionConfigurationPlatforms) = preSolution
		Debug|Any CPU = Debug|Any CPU
		Release|Any CPU = Release|Any CPU
	EndGlobalSection
	GlobalSection(ProjectConfigurationPlatforms) = postSolution
		{EE4D13A3-F919-48F8-879B-DCCED2A0F484}.Debug|Any CPU.ActiveCfg = Debug|Any CPU
		{EE4D13A3-F919-48F8-879B-DCCED2A0F484}.Debug|Any CPU.Build.0 = Debug|Any CPU
		{EE4D13A3-F919-48F8-879B-DCCED2A0F484}.Release|Any CPU.ActiveCfg = Release|Any CPU
		{EE4D13A3-F919-48F8-879B-DCCED2A0F484}.Release|Any CPU.Build.0 = Release|Any CPU
	EndGlobalSection
	GlobalSection(SolutionProperties) = preSolution
		HideSolutionNode = FALSE
	EndGlobalSection
	GlobalSection(ExtensibilityGlobals) = postSolution
		SolutionGuid = {1C917260-EC54-45CD-A155-A7D7F16F3375}
	EndGlobalSection
EndGlobal
