
Microsoft Visual Studio Solution File, Format Version 12.00
# Visual Studio Version 17
VisualStudioVersion = 17.1.32328.378
MinimumVisualStudioVersion = 10.0.40219.1
Project("{FAE04EC0-301F-11D3-BF4B-00C04F79EFBC}") = "Level38LambdaSieve", "Level38LambdaSieve\Level38LambdaSieve.csproj", "{5C38A642-9A8C-4D3D-9E35-3F6746AA3858}"
EndProject
Global
	GlobalSection(SolutionConfigurationPlatforms) = preSolution
		Debug|Any CPU = Debug|Any CPU
		Release|Any CPU = Release|Any CPU
	EndGlobalSection
	GlobalSection(ProjectConfigurationPlatforms) = postSolution
		{5C38A642-9A8C-4D3D-9E35-3F6746AA3858}.Debug|Any CPU.ActiveCfg = Debug|Any CPU
		{5C38A642-9A8C-4D3D-9E35-3F6746AA3858}.Debug|Any CPU.Build.0 = Debug|Any CPU
		{5C38A642-9A8C-4D3D-9E35-3F6746AA3858}.Release|Any CPU.ActiveCfg = Release|Any CPU
		{5C38A642-9A8C-4D3D-9E35-3F6746AA3858}.Release|Any CPU.Build.0 = Release|Any CPU
	EndGlobalSection
	GlobalSection(SolutionProperties) = preSolution
		HideSolutionNode = FALSE
	EndGlobalSection
	GlobalSection(ExtensibilityGlobals) = postSolution
		SolutionGuid = {938C4CE8-680D-41D8-8D8D-CB5813748A02}
	EndGlobalSection
EndGlobal
