
Microsoft Visual Studio Solution File, Format Version 12.00
# Visual Studio Version 17
VisualStudioVersion = 17.1.32328.378
MinimumVisualStudioVersion = 10.0.40219.1
Project("{FAE04EC0-301F-11D3-BF4B-00C04F79EFBC}") = "TheFinalBattle", "TheFinalBattle\TheFinalBattle.csproj", "{404D0332-1E8F-43CA-BCE0-EFE3FEBE77A9}"
EndProject
Global
	GlobalSection(SolutionConfigurationPlatforms) = preSolution
		Debug|Any CPU = Debug|Any CPU
		Release|Any CPU = Release|Any CPU
	EndGlobalSection
	GlobalSection(ProjectConfigurationPlatforms) = postSolution
		{404D0332-1E8F-43CA-BCE0-EFE3FEBE77A9}.Debug|Any CPU.ActiveCfg = Debug|Any CPU
		{404D0332-1E8F-43CA-BCE0-EFE3FEBE77A9}.Debug|Any CPU.Build.0 = Debug|Any CPU
		{404D0332-1E8F-43CA-BCE0-EFE3FEBE77A9}.Release|Any CPU.ActiveCfg = Release|Any CPU
		{404D0332-1E8F-43CA-BCE0-EFE3FEBE77A9}.Release|Any CPU.Build.0 = Release|Any CPU
	EndGlobalSection
	GlobalSection(SolutionProperties) = preSolution
		HideSolutionNode = FALSE
	EndGlobalSection
	GlobalSection(ExtensibilityGlobals) = postSolution
		SolutionGuid = {BD418F46-6EE8-4117-95F9-86CC477B3B26}
	EndGlobalSection
EndGlobal
