
Microsoft Visual Studio Solution File, Format Version 12.00
# Visual Studio Version 17
VisualStudioVersion = 17.1.32328.378
MinimumVisualStudioVersion = 10.0.40219.1
Project("{FAE04EC0-301F-11D3-BF4B-00C04F79EFBC}") = "Level28RoomCoordinates", "Level28RoomCoordinates\Level28RoomCoordinates.csproj", "{F6CBBC58-03D6-4B55-8747-23CD23F55392}"
EndProject
Global
	GlobalSection(SolutionConfigurationPlatforms) = preSolution
		Debug|Any CPU = Debug|Any CPU
		Release|Any CPU = Release|Any CPU
	EndGlobalSection
	GlobalSection(ProjectConfigurationPlatforms) = postSolution
		{F6CBBC58-03D6-4B55-8747-23CD23F55392}.Debug|Any CPU.ActiveCfg = Debug|Any CPU
		{F6CBBC58-03D6-4B55-8747-23CD23F55392}.Debug|Any CPU.Build.0 = Debug|Any CPU
		{F6CBBC58-03D6-4B55-8747-23CD23F55392}.Release|Any CPU.ActiveCfg = Release|Any CPU
		{F6CBBC58-03D6-4B55-8747-23CD23F55392}.Release|Any CPU.Build.0 = Release|Any CPU
	EndGlobalSection
	GlobalSection(SolutionProperties) = preSolution
		HideSolutionNode = FALSE
	EndGlobalSection
	GlobalSection(ExtensibilityGlobals) = postSolution
		SolutionGuid = {A643426B-CD10-4A30-9217-24C630E87D51}
	EndGlobalSection
EndGlobal
