
Microsoft Visual Studio Solution File, Format Version 12.00
# Visual Studio Version 17
VisualStudioVersion = 17.1.32328.378
MinimumVisualStudioVersion = 10.0.40219.1
Project("{FAE04EC0-301F-11D3-BF4B-00C04F79EFBC}") = "Level24ThePoint", "Level24ThePoint\Level24ThePoint.csproj", "{B85D6E31-8C22-437B-BD46-3E449AD21E63}"
EndProject
Global
	GlobalSection(SolutionConfigurationPlatforms) = preSolution
		Debug|Any CPU = Debug|Any CPU
		Release|Any CPU = Release|Any CPU
	EndGlobalSection
	GlobalSection(ProjectConfigurationPlatforms) = postSolution
		{B85D6E31-8C22-437B-BD46-3E449AD21E63}.Debug|Any CPU.ActiveCfg = Debug|Any CPU
		{B85D6E31-8C22-437B-BD46-3E449AD21E63}.Debug|Any CPU.Build.0 = Debug|Any CPU
		{B85D6E31-8C22-437B-BD46-3E449AD21E63}.Release|Any CPU.ActiveCfg = Release|Any CPU
		{B85D6E31-8C22-437B-BD46-3E449AD21E63}.Release|Any CPU.Build.0 = Release|Any CPU
	EndGlobalSection
	GlobalSection(SolutionProperties) = preSolution
		HideSolutionNode = FALSE
	EndGlobalSection
	GlobalSection(ExtensibilityGlobals) = postSolution
		SolutionGuid = {7AECA06F-DF1B-4271-8490-EA1151377F22}
	EndGlobalSection
EndGlobal
