
Microsoft Visual Studio Solution File, Format Version 12.00
# Visual Studio Version 17
VisualStudioVersion = 17.1.32328.378
MinimumVisualStudioVersion = 10.0.40219.1
Project("{FAE04EC0-301F-11D3-BF4B-00C04F79EFBC}") = "Level4Comments", "Level4Comments\Level4Comments.csproj", "{0BFB5D91-77C2-4D22-90F7-62B8112339D9}"
EndProject
Global
	GlobalSection(SolutionConfigurationPlatforms) = preSolution
		Debug|Any CPU = Debug|Any CPU
		Release|Any CPU = Release|Any CPU
	EndGlobalSection
	GlobalSection(ProjectConfigurationPlatforms) = postSolution
		{0BFB5D91-77C2-4D22-90F7-62B8112339D9}.Debug|Any CPU.ActiveCfg = Debug|Any CPU
		{0BFB5D91-77C2-4D22-90F7-62B8112339D9}.Debug|Any CPU.Build.0 = Debug|Any CPU
		{0BFB5D91-77C2-4D22-90F7-62B8112339D9}.Release|Any CPU.ActiveCfg = Release|Any CPU
		{0BFB5D91-77C2-4D22-90F7-62B8112339D9}.Release|Any CPU.Build.0 = Release|Any CPU
	EndGlobalSection
	GlobalSection(SolutionProperties) = preSolution
		HideSolutionNode = FALSE
	EndGlobalSection
	GlobalSection(ExtensibilityGlobals) = postSolution
		SolutionGuid = {3DCD562E-B315-43D9-9EDC-E8E4A6DE7D11}
	EndGlobalSection
EndGlobal
