
Microsoft Visual Studio Solution File, Format Version 12.00
# Visual Studio Version 17
VisualStudioVersion = 17.1.32328.378
MinimumVisualStudioVersion = 10.0.40219.1
Project("{FAE04EC0-301F-11D3-BF4B-00C04F79EFBC}") = "Level25PackingInventory", "Level25PackingInventory\Level25PackingInventory.csproj", "{7F17DDB1-061C-445C-B941-43E4E7022505}"
EndProject
Global
	GlobalSection(SolutionConfigurationPlatforms) = preSolution
		Debug|Any CPU = Debug|Any CPU
		Release|Any CPU = Release|Any CPU
	EndGlobalSection
	GlobalSection(ProjectConfigurationPlatforms) = postSolution
		{7F17DDB1-061C-445C-B941-43E4E7022505}.Debug|Any CPU.ActiveCfg = Debug|Any CPU
		{7F17DDB1-061C-445C-B941-43E4E7022505}.Debug|Any CPU.Build.0 = Debug|Any CPU
		{7F17DDB1-061C-445C-B941-43E4E7022505}.Release|Any CPU.ActiveCfg = Release|Any CPU
		{7F17DDB1-061C-445C-B941-43E4E7022505}.Release|Any CPU.Build.0 = Release|Any CPU
	EndGlobalSection
	GlobalSection(SolutionProperties) = preSolution
		HideSolutionNode = FALSE
	EndGlobalSection
	GlobalSection(ExtensibilityGlobals) = postSolution
		SolutionGuid = {2AED6BC0-A711-43E2-83D6-1D5A9F336983}
	EndGlobalSection
EndGlobal
