
Microsoft Visual Studio Solution File, Format Version 12.00
# Visual Studio Version 17
VisualStudioVersion = 17.1.32328.378
MinimumVisualStudioVersion = 10.0.40219.1
Project("{FAE04EC0-301F-11D3-BF4B-00C04F79EFBC}") = "Level9Watchtower", "Level9Watchtower\Level9Watchtower.csproj", "{DF493E6B-D859-4D06-BE7D-15DA1A0F50D3}"
EndProject
Global
	GlobalSection(SolutionConfigurationPlatforms) = preSolution
		Debug|Any CPU = Debug|Any CPU
		Release|Any CPU = Release|Any CPU
	EndGlobalSection
	GlobalSection(ProjectConfigurationPlatforms) = postSolution
		{DF493E6B-D859-4D06-BE7D-15DA1A0F50D3}.Debug|Any CPU.ActiveCfg = Debug|Any CPU
		{DF493E6B-D859-4D06-BE7D-15DA1A0F50D3}.Debug|Any CPU.Build.0 = Debug|Any CPU
		{DF493E6B-D859-4D06-BE7D-15DA1A0F50D3}.Release|Any CPU.ActiveCfg = Release|Any CPU
		{DF493E6B-D859-4D06-BE7D-15DA1A0F50D3}.Release|Any CPU.Build.0 = Release|Any CPU
	EndGlobalSection
	GlobalSection(SolutionProperties) = preSolution
		HideSolutionNode = FALSE
	EndGlobalSection
	GlobalSection(ExtensibilityGlobals) = postSolution
		SolutionGuid = {BB5726DB-4B0E-4E50-B329-4EAAFA7A06B9}
	EndGlobalSection
EndGlobal
