
Microsoft Visual Studio Solution File, Format Version 12.00
# Visual Studio Version 17
VisualStudioVersion = 17.1.32328.378
MinimumVisualStudioVersion = 10.0.40219.1
Project("{FAE04EC0-301F-11D3-BF4B-00C04F79EFBC}") = "Level37CharberryTrees", "Level37CharberryTrees\Level37CharberryTrees.csproj", "{04D1CAC3-EDB0-4B84-8D12-8F9B54D1D4F1}"
EndProject
Global
	GlobalSection(SolutionConfigurationPlatforms) = preSolution
		Debug|Any CPU = Debug|Any CPU
		Release|Any CPU = Release|Any CPU
	EndGlobalSection
	GlobalSection(ProjectConfigurationPlatforms) = postSolution
		{04D1CAC3-EDB0-4B84-8D12-8F9B54D1D4F1}.Debug|Any CPU.ActiveCfg = Debug|Any CPU
		{04D1CAC3-EDB0-4B84-8D12-8F9B54D1D4F1}.Debug|Any CPU.Build.0 = Debug|Any CPU
		{04D1CAC3-EDB0-4B84-8D12-8F9B54D1D4F1}.Release|Any CPU.ActiveCfg = Release|Any CPU
		{04D1CAC3-EDB0-4B84-8D12-8F9B54D1D4F1}.Release|Any CPU.Build.0 = Release|Any CPU
	EndGlobalSection
	GlobalSection(SolutionProperties) = preSolution
		HideSolutionNode = FALSE
	EndGlobalSection
	GlobalSection(ExtensibilityGlobals) = postSolution
		SolutionGuid = {F13DD5C3-95AE-4E15-A07A-ADF34914F9BB}
	EndGlobalSection
EndGlobal
